// !$*UTF8*$!
{
	archiveVersion = 1;
	classes = {
	};
	objectVersion = 55;
	objects = {

/* Begin PBXBuildFile section */
		BF44C944281E165D00750F5B /* WHOAMIApp.swift in Sources */ = {isa = PBXBuildFile; fileRef = BF44C943281E165D00750F5B /* WHOAMIApp.swift */; };
		BF44C948281E165F00750F5B /* Assets.xcassets in Resources */ = {isa = PBXBuildFile; fileRef = BF44C947281E165F00750F5B /* Assets.xcassets */; };
		BF44C94B281E165F00750F5B /* Preview Assets.xcassets in Resources */ = {isa = PBXBuildFile; fileRef = BF44C94A281E165F00750F5B /* Preview Assets.xcassets */; };
		BF44C952281E172B00750F5B /* Me.swift in Sources */ = {isa = PBXBuildFile; fileRef = BF44C951281E172B00750F5B /* Me.swift */; };
		BF44C954281E43E600750F5B /* Contacts.swift in Sources */ = {isa = PBXBuildFile; fileRef = BF44C953281E43E600750F5B /* Contacts.swift */; };
		BF44C956281E45A000750F5B /* ContactsDetail.swift in Sources */ = {isa = PBXBuildFile; fileRef = BF44C955281E45A000750F5B /* ContactsDetail.swift */; };
		BF9E3D06281E7A7600685618 /* CheerUp.swift in Sources */ = {isa = PBXBuildFile; fileRef = BF9E3D05281E7A7600685618 /* CheerUp.swift */; };
		BF9E3D08281E7A9100685618 /* CheerUpDetail.swift in Sources */ = {isa = PBXBuildFile; fileRef = BF9E3D07281E7A9100685618 /* CheerUpDetail.swift */; };
/* End PBXBuildFile section */

/* Begin PBXFileReference section */
		BF44C940281E165D00750F5B /* WHOAMI.app */ = {isa = PBXFileReference; explicitFileType = wrapper.application; includeInIndex = 0; path = WHOAMI.app; sourceTree = BUILT_PRODUCTS_DIR; };
		BF44C943281E165D00750F5B /* WHOAMIApp.swift */ = {isa = PBXFileReference; lastKnownFileType = sourcecode.swift; path = WHOAMIApp.swift; sourceTree = "<group>"; };
		BF44C947281E165F00750F5B /* Assets.xcassets */ = {isa = PBXFileReference; lastKnownFileType = folder.assetcatalog; path = Assets.xcassets; sourceTree = "<group>"; };
		BF44C94A281E165F00750F5B /* Preview Assets.xcassets */ = {isa = PBXFileReference; lastKnownFileType = folder.assetcatalog; path = "Preview Assets.xcassets"; sourceTree = "<group>"; };
		BF44C951281E172B00750F5B /* Me.swift */ = {isa = PBXFileReference; lastKnownFileType = sourcecode.swift; path = Me.swift; sourceTree = "<group>"; };
		BF44C953281E43E600750F5B /* Contacts.swift */ = {isa = PBXFileReference; lastKnownFileType = sourcecode.swift; path = Contacts.swift; sourceTree = "<group>"; };
		BF44C955281E45A000750F5B /* ContactsDetail.swift */ = {isa = PBXFileReference; lastKnownFileType = sourcecode.swift; path = ContactsDetail.swift; sourceTree = "<group>"; };
		BF9E3D05281E7A7600685618 /* CheerUp.swift */ = {isa = PBXFileReference; lastKnownFileType = sourcecode.swift; path = CheerUp.swift; sourceTree = "<group>"; };
		BF9E3D07281E7A9100685618 /* CheerUpDetail.swift */ = {isa = PBXFileReference; lastKnownFileType = sourcecode.swift; path = CheerUpDetail.swift; sourceTree = "<group>"; };
/* End PBXFileReference section */

/* Begin PBXFrameworksBuildPhase section */
		BF44C93D281E165D00750F5B /* Frameworks */ = {
			isa = PBXFrameworksBuildPhase;
			buildActionMask = 2147483647;
			files = (
			);
			runOnlyForDeploymentPostprocessing = 0;
		};
/* End PBXFrameworksBuildPhase section */

/* Begin PBXGroup section */
		BF44C937281E165D00750F5B = {
			isa = PBXGroup;
			children = (
				BF44C942281E165D00750F5B /* WHOAMI */,
				BF44C941281E165D00750F5B /* Products */,
			);
			sourceTree = "<group>";
		};
		BF44C941281E165D00750F5B /* Products */ = {
			isa = PBXGroup;
			children = (
				BF44C940281E165D00750F5B /* WHOAMI.app */,
			);
			name = Products;
			sourceTree = "<group>";
		};
		BF44C942281E165D00750F5B /* WHOAMI */ = {
			isa = PBXGroup;
			children = (
				BF44C943281E165D00750F5B /* WHOAMIApp.swift */,
				BF44C951281E172B00750F5B /* Me.swift */,
				BF44C953281E43E600750F5B /* Contacts.swift */,
				BF44C955281E45A000750F5B /* ContactsDetail.swift */,
				BF9E3D05281E7A7600685618 /* CheerUp.swift */,
				BF9E3D07281E7A9100685618 /* CheerUpDetail.swift */,
				BF44C947281E165F00750F5B /* Assets.xcassets */,
				BF44C949281E165F00750F5B /* Preview Content */,
			);
			path = WHOAMI;
			sourceTree = "<group>";
		};
		BF44C949281E165F00750F5B /* Preview Content */ = {
			isa = PBXGroup;
			children = (
				BF44C94A281E165F00750F5B /* Preview Assets.xcassets */,
			);
			path = "Preview Content";
			sourceTree = "<group>";
		};
/* End PBXGroup section */

/* Begin PBXNativeTarget section */
		BF44C93F281E165D00750F5B /* WHOAMI */ = {
			isa = PBXNativeTarget;
			buildConfigurationList = BF44C94E281E165F00750F5B /* Build configuration list for PBXNativeTarget "WHOAMI" */;
			buildPhases = (
				BF44C93C281E165D00750F5B /* Sources */,
				BF44C93D281E165D00750F5B /* Frameworks */,
				BF44C93E281E165D00750F5B /* Resources */,
			);
			buildRules = (
			);
			dependencies = (
			);
			name = WHOAMI;
			productName = WHOAMI;
			productReference = BF44C940281E165D00750F5B /* WHOAMI.app */;
			productType = "com.apple.product-type.application";
		};
/* End PBXNativeTarget section */

/* Begin PBXProject section */
		BF44C938281E165D00750F5B /* Project object */ = {
			isa = PBXProject;
			attributes = {
				BuildIndependentTargetsInParallel = 1;
				LastSwiftUpdateCheck = 1330;
				LastUpgradeCheck = 1330;
				TargetAttributes = {
					BF44C93F281E165D00750F5B = {
						CreatedOnToolsVersion = 13.3.1;
					};
				};
			};
			buildConfigurationList = BF44C93B281E165D00750F5B /* Build configuration list for PBXProject "WHOAMI" */;
			compatibilityVersion = "Xcode 13.0";
			developmentRegion = en;
			hasScannedForEncodings = 0;
			knownRegions = (
				en,
				Base,
			);
			mainGroup = BF44C937281E165D00750F5B;
			productRefGroup = BF44C941281E165D00750F5B /* Products */;
			projectDirPath = "";
			projectRoot = "";
			targets = (
				BF44C93F281E165D00750F5B /* WHOAMI */,
			);
		};
/* End PBXProject section */

/* Begin PBXResourcesBuildPhase section */
		BF44C93E281E165D00750F5B /* Resources */ = {
			isa = PBXResourcesBuildPhase;
			buildActionMask = 2147483647;
			files = (
				BF44C94B281E165F00750F5B /* Preview Assets.xcassets in Resources */,
				BF44C948281E165F00750F5B /* Assets.xcassets in Resources */,
			);
			runOnlyForDeploymentPostprocessing = 0;
		};
/* End PBXResourcesBuildPhase section */

/* Begin PBXSourcesBuildPhase section */
		BF44C93C281E165D00750F5B /* Sources */ = {
			isa = PBXSourcesBuildPhase;
			buildActionMask = 2147483647;
			files = (
				BF44C944281E165D00750F5B /* WHOAMIApp.swift in Sources */,
				BF9E3D08281E7A9100685618 /* CheerUpDetail.swift in Sources */,
				BF44C956281E45A000750F5B /* ContactsDetail.swift in Sources */,
				BF44C952281E172B00750F5B /* Me.swift in Sources */,
				BF44C954281E43E600750F5B /* Contacts.swift in Sources */,
				BF9E3D06281E7A7600685618 /* CheerUp.swift in Sources */,
			);
			runOnlyForDeploymentPostprocessing = 0;
		};
/* End PBXSourcesBuildPhase section */

/* Begin XCBuildConfiguration section */
		BF44C94C281E165F00750F5B /* Debug */ = {
			isa = XCBuildConfiguration;
			buildSettings = {
				ALWAYS_SEARCH_USER_PATHS = NO;
				CLANG_ANALYZER_NONNULL = YES;
				CLANG_ANALYZER_NUMBER_OBJECT_CONVERSION = YES_AGGRESSIVE;
				CLANG_CXX_LANGUAGE_STANDARD = "gnu++17";
				CLANG_ENABLE_MODULES = YES;
				CLANG_ENABLE_OBJC_ARC = YES;
				CLANG_ENABLE_OBJC_WEAK = YES;
				CLANG_WARN_BLOCK_CAPTURE_AUTORELEASING = YES;
				CLANG_WARN_BOOL_CONVERSION = YES;
				CLANG_WARN_COMMA = YES;
				CLANG_WARN_CONSTANT_CONVERSION = YES;
				CLANG_WARN_DEPRECATED_OBJC_IMPLEMENTATIONS = YES;
				CLANG_WARN_DIRECT_OBJC_ISA_USAGE = YES_ERROR;
				CLANG_WARN_DOCUMENTATION_COMMENTS = YES;
				CLANG_WARN_EMPTY_BODY = YES;
				CLANG_WARN_ENUM_CONVERSION = YES;
				CLANG_WARN_INFINITE_RECURSION = YES;
				CLANG_WARN_INT_CONVERSION = YES;
				CLANG_WARN_NON_LITERAL_NULL_CONVERSION = YES;
				CLANG_WARN_OBJC_IMPLICIT_RETAIN_SELF = YES;
				CLANG_WARN_OBJC_LITERAL_CONVERSION = YES;
				CLANG_WARN_OBJC_ROOT_CLASS = YES_ERROR;
				CLANG_WARN_QUOTED_INCLUDE_IN_FRAMEWORK_HEADER = YES;
				CLANG_WARN_RANGE_LOOP_ANALYSIS = YES;
				CLANG_WARN_STRICT_PROTOTYPES = YES;
				CLANG_WARN_SUSPICIOUS_MOVE = YES;
				CLANG_WARN_UNGUARDED_AVAILABILITY = YES_AGGRESSIVE;
				CLANG_WARN_UNREACHABLE_CODE = YES;
				CLANG_WARN__DUPLICATE_METHOD_MATCH = YES;
				COPY_PHASE_STRIP = NO;
				DEBUG_INFORMATION_FORMAT = dwarf;
				ENABLE_STRICT_OBJC_MSGSEND = YES;
				ENABLE_TESTABILITY = YES;
				GCC_C_LANGUAGE_STANDARD = gnu11;
				GCC_DYNAMIC_NO_PIC = NO;
				GCC_NO_COMMON_BLOCKS = YES;
				GCC_OPTIMIZATION_LEVEL = 0;
				GCC_PREPROCESSOR_DEFINITIONS = (
					"DEBUG=1",
					"$(inherited)",
				);
				GCC_WARN_64_TO_32_BIT_CONVERSION = YES;
				GCC_WARN_ABOUT_RETURN_TYPE = YES_ERROR;
				GCC_WARN_UNDECLARED_SELECTOR = YES;
				GCC_WARN_UNINITIALIZED_AUTOS = YES_AGGRESSIVE;
				GCC_WARN_UNUSED_FUNCTION = YES;
				GCC_WARN_UNUSED_VARIABLE = YES;
				IPHONEOS_DEPLOYMENT_TARGET = 15.4;
				MTL_ENABLE_DEBUG_INFO = INCLUDE_SOURCE;
				MTL_FAST_MATH = YES;
				ONLY_ACTIVE_ARCH = YES;
				SDKROOT = iphoneos;
				SWIFT_ACTIVE_COMPILATION_CONDITIONS = DEBUG;
				SWIFT_OPTIMIZATION_LEVEL = "-Onone";
			};
			name = Debug;
		};
		BF44C94D281E165F00750F5B /* Release */ = {
			isa = XCBuildConfiguration;
			buildSettings = {
				ALWAYS_SEARCH_USER_PATHS = NO;
				CLANG_ANALYZER_NONNULL = YES;
				CLANG_ANALYZER_NUMBER_OBJECT_CONVERSION = YES_AGGRESSIVE;
				CLANG_CXX_LANGUAGE_STANDARD = "gnu++17";
				CLANG_ENABLE_MODULES = YES;
				CLANG_ENABLE_OBJC_ARC = YES;
				CLANG_ENABLE_OBJC_WEAK = YES;
				CLANG_WARN_BLOCK_CAPTURE_AUTORELEASING = YES;
				CLANG_WARN_BOOL_CONVERSION = YES;
				CLANG_WARN_COMMA = YES;
				CLANG_WARN_CONSTANT_CONVERSION = YES;
				CLANG_WARN_DEPRECATED_OBJC_IMPLEMENTATIONS = YES;
				CLANG_WARN_DIRECT_OBJC_ISA_USAGE = YES_ERROR;
				CLANG_WARN_DOCUMENTATION_COMMENTS = YES;
				CLANG_WARN_EMPTY_BODY = YES;
				CLANG_WARN_ENUM_CONVERSION = YES;
				CLANG_WARN_INFINITE_RECURSION = YES;
				CLANG_WARN_INT_CONVERSION = YES;
				CLANG_WARN_NON_LITERAL_NULL_CONVERSION = YES;
				CLANG_WARN_OBJC_IMPLICIT_RETAIN_SELF = YES;
				CLANG_WARN_OBJC_LITERAL_CONVERSION = YES;
				CLANG_WARN_OBJC_ROOT_CLASS = YES_ERROR;
				CLANG_WARN_QUOTED_INCLUDE_IN_FRAMEWORK_HEADER = YES;
				CLANG_WARN_RANGE_LOOP_ANALYSIS = YES;
				CLANG_WARN_STRICT_PROTOTYPES = YES;
				CLANG_WARN_SUSPICIOUS_MOVE = YES;
				CLANG_WARN_UNGUARDED_AVAILABILITY = YES_AGGRESSIVE;
				CLANG_WARN_UNREACHABLE_CODE = YES;
				CLANG_WARN__DUPLICATE_METHOD_MATCH = YES;
				COPY_PHASE_STRIP = NO;
				DEBUG_INFORMATION_FORMAT = "dwarf-with-dsym";
				ENABLE_NS_ASSERTIONS = NO;
				ENABLE_STRICT_OBJC_MSGSEND = YES;
				GCC_C_LANGUAGE_STANDARD = gnu11;
				GCC_NO_COMMON_BLOCKS = YES;
				GCC_WARN_64_TO_32_BIT_CONVERSION = YES;
				GCC_WARN_ABOUT_RETURN_TYPE = YES_ERROR;
				GCC_WARN_UNDECLARED_SELECTOR = YES;
				GCC_WARN_UNINITIALIZED_AUTOS = YES_AGGRESSIVE;
				GCC_WARN_UNUSED_FUNCTION = YES;
				GCC_WARN_UNUSED_VARIABLE = YES;
				IPHONEOS_DEPLOYMENT_TARGET = 15.4;
				MTL_ENABLE_DEBUG_INFO = NO;
				MTL_FAST_MATH = YES;
				SDKROOT = iphoneos;
				SWIFT_COMPILATION_MODE = wholemodule;
				SWIFT_OPTIMIZATION_LEVEL = "-O";
				VALIDATE_PRODUCT = YES;
			};
			name = Release;
		};
		BF44C94F281E165F00750F5B /* Debug */ = {
			isa = XCBuildConfiguration;
			buildSettings = {
				ASSETCATALOG_COMPILER_APPICON_NAME = AppIcon;
				ASSETCATALOG_COMPILER_GLOBAL_ACCENT_COLOR_NAME = AccentColor;
				CODE_SIGN_STYLE = Automatic;
				CURRENT_PROJECT_VERSION = 1;
				DEVELOPMENT_ASSET_PATHS = "\"WHOAMI/Preview Content\"";
				DEVELOPMENT_TEAM = CM9TRW6H6L;
				ENABLE_PREVIEWS = YES;
				GENERATE_INFOPLIST_FILE = YES;
				INFOPLIST_FILE = WHOAMI/Info.plist;
				INFOPLIST_KEY_LSApplicationCategoryType = "";
				INFOPLIST_KEY_UIApplicationSceneManifest_Generation = YES;
				INFOPLIST_KEY_UIApplicationSupportsIndirectInputEvents = YES;
				INFOPLIST_KEY_UISupportedInterfaceOrientations_iPad = "UIInterfaceOrientationPortrait UIInterfaceOrientationPortraitUpsideDown UIInterfaceOrientationLandscapeLeft UIInterfaceOrientationLandscapeRight";
				INFOPLIST_KEY_UISupportedInterfaceOrientations_iPhone = "UIInterfaceOrientationPortrait UIInterfaceOrientationLandscapeLeft UIInterfaceOrientationLandscapeRight";
				LD_RUNPATH_SEARCH_PATHS = (
					"$(inherited)",
					"@executable_path/Frameworks",
				);
				MARKETING_VERSION = 1.0;
				PRODUCT_BUNDLE_IDENTIFIER = com.ocean.WHOAMI;
				PRODUCT_NAME = "$(TARGET_NAME)";
				SWIFT_EMIT_LOC_STRINGS = YES;
				SWIFT_VERSION = 5.0;
				TARGETED_DEVICE_FAMILY = "1,2";
			};
			name = Debug;
		};
		BF44C950281E165F00750F5B /* Release */ = {
			isa = XCBuildConfiguration;
			buildSettings = {
				ASSETCATALOG_COMPILER_APPICON_NAME = AppIcon;
				ASSETCATALOG_COMPILER_GLOBAL_ACCENT_COLOR_NAME = AccentColor;
				CODE_SIGN_STYLE = Automatic;
				CURRENT_PROJECT_VERSION = 1;
				DEVELOPMENT_ASSET_PATHS = "\"WHOAMI/Preview Content\"";
				DEVELOPMENT_TEAM = CM9TRW6H6L;
				ENABLE_PREVIEWS = YES;
				GENERATE_INFOPLIST_FILE = YES;
				INFOPLIST_FILE = WHOAMI/Info.plist;
				INFOPLIST_KEY_LSApplicationCategoryType = "";
				INFOPLIST_KEY_UIApplicationSceneManifest_Generation = YES;
				INFOPLIST_KEY_UIApplicationSupportsIndirectInputEvents = YES;
				INFOPLIST_KEY_UISupportedInterfaceOrientations_iPad = "UIInterfaceOrientationPortrait UIInterfaceOrientationPortraitUpsideDown UIInterfaceOrientationLandscapeLeft UIInterfaceOrientationLandscapeRight";
				INFOPLIST_KEY_UISupportedInterfaceOrientations_iPhone = "UIInterfaceOrientationPortrait UIInterfaceOrientationLandscapeLeft UIInterfaceOrientationLandscapeRight";
				LD_RUNPATH_SEARCH_PATHS = (
					"$(inherited)",
					"@executable_path/Frameworks",
				);
				MARKETING_VERSION = 1.0;
				PRODUCT_BUNDLE_IDENTIFIER = com.ocean.WHOAMI;
				PRODUCT_NAME = "$(TARGET_NAME)";
				SWIFT_EMIT_LOC_STRINGS = YES;
				SWIFT_VERSION = 5.0;
				TARGETED_DEVICE_FAMILY = "1,2";
			};
			name = Release;
		};
/* End XCBuildConfiguration section */

/* Begin XCConfigurationList section */
		BF44C93B281E165D00750F5B /* Build configuration list for PBXProject "WHOAMI" */ = {
			isa = XCConfigurationList;
			buildConfigurations = (
				BF44C94C281E165F00750F5B /* Debug */,
				BF44C94D281E165F00750F5B /* Release */,
			);
			defaultConfigurationIsVisible = 0;
			defaultConfigurationName = Release;
		};
		BF44C94E281E165F00750F5B /* Build configuration list for PBXNativeTarget "WHOAMI" */ = {
			isa = XCConfigurationList;
			buildConfigurations = (
				BF44C94F281E165F00750F5B /* Debug */,
				BF44C950281E165F00750F5B /* Release */,
			);
			defaultConfigurationIsVisible = 0;
			defaultConfigurationName = Release;
		};
/* End XCConfigurationList section */
	};
	rootObject = BF44C938281E165D00750F5B /* Project object */;
}
